
Microsoft Visual Studio Solution File, Format Version 12.00
# Visual Studio Version 17
VisualStudioVersion = 17.4.33205.214
MinimumVisualStudioVersion = 10.0.40219.1
Project("{9A19103F-16F7-4668-BE54-9A1E7A4F7556}") = "Abdt.Loyal.NoteSaver", "Abdt.Loyal.NoteSaver\Abdt.Loyal.NoteSaver.csproj", "{2722EB23-EB5D-40BD-BE1B-A0EB55B92FA5}"
EndProject
Project("{9A19103F-16F7-4668-BE54-9A1E7A4F7556}") = "Abdt.Loyal.NoteSaver.BusinessLogic", "Abdt.Loyal.NoteSaver.BusinessLogic\Abdt.Loyal.NoteSaver.BusinessLogic.csproj", "{976C51BC-92E6-4BA0-9DFE-3EE6628A5E52}"
EndProject
Project("{9A19103F-16F7-4668-BE54-9A1E7A4F7556}") = "Abdt.Loyal.NoteSaver.BusinessLogic.Abstractions", "Abdt.Loyal.NoteSaver.BusinessLogic.Abstractions\Abdt.Loyal.NoteSaver.BusinessLogic.Abstractions.csproj", "{B14B0E06-E6B1-432B-A5DA-DDDB116C483F}"
EndProject
Project("{9A19103F-16F7-4668-BE54-9A1E7A4F7556}") = "Abdt.Loyal.NoteSaver.Domain", "Abdt.Loyal.NoteSaver.Domain\Abdt.Loyal.NoteSaver.Domain.csproj", "{68583224-8193-455F-A514-BD60FA3518EA}"
EndProject
Project("{9A19103F-16F7-4668-BE54-9A1E7A4F7556}") = "Abdt.Loyal.NoteSaver.Repository", "Abdt.Loyal.NoteSaver.Repository\Abdt.Loyal.NoteSaver.Repository.csproj", "{BED0C2E7-D3DF-4B45-820D-C065CCA480BF}"
EndProject
Project("{9A19103F-16F7-4668-BE54-9A1E7A4F7556}") = "Abdt.Loyal.NoteSaver.Repository.Abstractions", "Abdt.Loyal.NoteSaver.Repository.Abstractions\Abdt.Loyal.NoteSaver.Repository.Abstractions.csproj", "{09B36B69-6CFD-411D-B3AB-D094FA243637}"
EndProject
Project("{E53339B2-1760-4266-BCC7-CA923CBCF16C}") = "docker-compose", "docker-compose.dcproj", "{9D69B536-3089-414C-96E7-407F3363ED6D}"
EndProject
Project("{9A19103F-16F7-4668-BE54-9A1E7A4F7556}") = "Abdt.Loyal.NoteSaver.Migrator", "Abdt.Loyal.NoteSaver.Migrator\Abdt.Loyal.NoteSaver.Migrator.csproj", "{26B5D82D-7253-493F-AEA1-DDA42FC9E345}"
EndProject
Project("{FAE04EC0-301F-11D3-BF4B-00C04F79EFBC}") = "Abdt.Loyal.NoteSaver.UnitTests", "Abdt.Loyal.NoteSaver.UnitTests\Abdt.Loyal.NoteSaver.UnitTests.csproj", "{3B22C50B-5ED9-4F3F-BE20-76EF87215C87}"
EndProject
Global
	GlobalSection(SolutionConfigurationPlatforms) = preSolution
		Debug|Any CPU = Debug|Any CPU
		Release|Any CPU = Release|Any CPU
	EndGlobalSection
	GlobalSection(ProjectConfigurationPlatforms) = postSolution
		{2722EB23-EB5D-40BD-BE1B-A0EB55B92FA5}.Debug|Any CPU.ActiveCfg = Debug|Any CPU
		{2722EB23-EB5D-40BD-BE1B-A0EB55B92FA5}.Debug|Any CPU.Build.0 = Debug|Any CPU
		{2722EB23-EB5D-40BD-BE1B-A0EB55B92FA5}.Release|Any CPU.ActiveCfg = Release|Any CPU
		{2722EB23-EB5D-40BD-BE1B-A0EB55B92FA5}.Release|Any CPU.Build.0 = Release|Any CPU
		{976C51BC-92E6-4BA0-9DFE-3EE6628A5E52}.Debug|Any CPU.ActiveCfg = Debug|Any CPU
		{976C51BC-92E6-4BA0-9DFE-3EE6628A5E52}.Debug|Any CPU.Build.0 = Debug|Any CPU
		{976C51BC-92E6-4BA0-9DFE-3EE6628A5E52}.Release|Any CPU.ActiveCfg = Release|Any CPU
		{976C51BC-92E6-4BA0-9DFE-3EE6628A5E52}.Release|Any CPU.Build.0 = Release|Any CPU
		{B14B0E06-E6B1-432B-A5DA-DDDB116C483F}.Debug|Any CPU.ActiveCfg = Debug|Any CPU
		{B14B0E06-E6B1-432B-A5DA-DDDB116C483F}.Debug|Any CPU.Build.0 = Debug|Any CPU
		{B14B0E06-E6B1-432B-A5DA-DDDB116C483F}.Release|Any CPU.ActiveCfg = Release|Any CPU
		{B14B0E06-E6B1-432B-A5DA-DDDB116C483F}.Release|Any CPU.Build.0 = Release|Any CPU
		{68583224-8193-455F-A514-BD60FA3518EA}.Debug|Any CPU.ActiveCfg = Debug|Any CPU
		{68583224-8193-455F-A514-BD60FA3518EA}.Debug|Any CPU.Build.0 = Debug|Any CPU
		{68583224-8193-455F-A514-BD60FA3518EA}.Release|Any CPU.ActiveCfg = Release|Any CPU
		{68583224-8193-455F-A514-BD60FA3518EA}.Release|Any CPU.Build.0 = Release|Any CPU
		{BED0C2E7-D3DF-4B45-820D-C065CCA480BF}.Debug|Any CPU.ActiveCfg = Debug|Any CPU
		{BED0C2E7-D3DF-4B45-820D-C065CCA480BF}.Debug|Any CPU.Build.0 = Debug|Any CPU
		{BED0C2E7-D3DF-4B45-820D-C065CCA480BF}.Release|Any CPU.ActiveCfg = Release|Any CPU
		{BED0C2E7-D3DF-4B45-820D-C065CCA480BF}.Release|Any CPU.Build.0 = Release|Any CPU
		{09B36B69-6CFD-411D-B3AB-D094FA243637}.Debug|Any CPU.ActiveCfg = Debug|Any CPU
		{09B36B69-6CFD-411D-B3AB-D094FA243637}.Debug|Any CPU.Build.0 = Debug|Any CPU
		{09B36B69-6CFD-411D-B3AB-D094FA243637}.Release|Any CPU.ActiveCfg = Release|Any CPU
		{09B36B69-6CFD-411D-B3AB-D094FA243637}.Release|Any CPU.Build.0 = Release|Any CPU
		{9D69B536-3089-414C-96E7-407F3363ED6D}.Debug|Any CPU.ActiveCfg = Debug|Any CPU
		{9D69B536-3089-414C-96E7-407F3363ED6D}.Debug|Any CPU.Build.0 = Debug|Any CPU
		{9D69B536-3089-414C-96E7-407F3363ED6D}.Release|Any CPU.ActiveCfg = Release|Any CPU
		{9D69B536-3089-414C-96E7-407F3363ED6D}.Release|Any CPU.Build.0 = Release|Any CPU
		{26B5D82D-7253-493F-AEA1-DDA42FC9E345}.Debug|Any CPU.ActiveCfg = Debug|Any CPU
		{26B5D82D-7253-493F-AEA1-DDA42FC9E345}.Debug|Any CPU.Build.0 = Debug|Any CPU
		{26B5D82D-7253-493F-AEA1-DDA42FC9E345}.Release|Any CPU.ActiveCfg = Release|Any CPU
		{26B5D82D-7253-493F-AEA1-DDA42FC9E345}.Release|Any CPU.Build.0 = Release|Any CPU
		{3B22C50B-5ED9-4F3F-BE20-76EF87215C87}.Debug|Any CPU.ActiveCfg = Debug|Any CPU
		{3B22C50B-5ED9-4F3F-BE20-76EF87215C87}.Debug|Any CPU.Build.0 = Debug|Any CPU
		{3B22C50B-5ED9-4F3F-BE20-76EF87215C87}.Release|Any CPU.ActiveCfg = Release|Any CPU
		{3B22C50B-5ED9-4F3F-BE20-76EF87215C87}.Release|Any CPU.Build.0 = Release|Any CPU
	EndGlobalSection
	GlobalSection(SolutionProperties) = preSolution
		HideSolutionNode = FALSE
	EndGlobalSection
	GlobalSection(ExtensibilityGlobals) = postSolution
		SolutionGuid = {7401A806-D238-431F-8B12-E41E485389B6}
	EndGlobalSection
EndGlobal
